
Microsoft Visual Studio Solution File, Format Version 12.00
# Visual Studio Version 17
VisualStudioVersion = 17.4.32916.344
MinimumVisualStudioVersion = 10.0.40219.1
Project("{FAE04EC0-301F-11D3-BF4B-00C04F79EFBC}") = "BlazorWasmStandalone", "BlazorWasmStandalone\BlazorWasmStandalone.csproj", "{8B16A349-855E-46E7-A5FC-B6F50BF66017}"
EndProject
Project("{FAE04EC0-301F-11D3-BF4B-00C04F79EFBC}") = "DemoAPI", "DemoAPI\DemoAPI.csproj", "{8D83454D-77AE-4F7F-9985-EFAC438A600E}"
EndProject
Global
	GlobalSection(SolutionConfigurationPlatforms) = preSolution
		Debug|Any CPU = Debug|Any CPU
		Release|Any CPU = Release|Any CPU
	EndGlobalSection
	GlobalSection(ProjectConfigurationPlatforms) = postSolution
		{8B16A349-855E-46E7-A5FC-B6F50BF66017}.Debug|Any CPU.ActiveCfg = Debug|Any CPU
		{8B16A349-855E-46E7-A5FC-B6F50BF66017}.Debug|Any CPU.Build.0 = Debug|Any CPU
		{8B16A349-855E-46E7-A5FC-B6F50BF66017}.Release|Any CPU.ActiveCfg = Release|Any CPU
		{8B16A349-855E-46E7-A5FC-B6F50BF66017}.Release|Any CPU.Build.0 = Release|Any CPU
		{8D83454D-77AE-4F7F-9985-EFAC438A600E}.Debug|Any CPU.ActiveCfg = Debug|Any CPU
		{8D83454D-77AE-4F7F-9985-EFAC438A600E}.Debug|Any CPU.Build.0 = Debug|Any CPU
		{8D83454D-77AE-4F7F-9985-EFAC438A600E}.Release|Any CPU.ActiveCfg = Release|Any CPU
		{8D83454D-77AE-4F7F-9985-EFAC438A600E}.Release|Any CPU.Build.0 = Release|Any CPU
	EndGlobalSection
	GlobalSection(SolutionProperties) = preSolution
		HideSolutionNode = FALSE
	EndGlobalSection
	GlobalSection(ExtensibilityGlobals) = postSolution
		SolutionGuid = {E0C97BB5-B061-419D-B3EB-617A884AA797}
	EndGlobalSection
EndGlobal
